{
  "nodes": {
    "bgfx-cmake": {
      "flake": false,
      "locked": {
        "lastModified": 1782738159,
        "narHash": "sha256-0rTXpp1nWlCAUxoYhSkTQc/0ZM2DBarCBpw+2GivHlU=",
        "type": "tarball",
        "url": "https://github.com/bkaradzic/bgfx.cmake/releases/download/v1.147.9336-554/bgfx.cmake.v1.147.9336-554.tar.gz"
      },
      "original": {
        "type": "tarball",
        "url": "https://github.com/bkaradzic/bgfx.cmake/releases/download/v1.136.9135-511/bgfx.cmake.v1.136.9135-511.tar.gz"
      }
    },
    "bgfx-patch": {
      "flake": false,
      "locked": {
        "lastModified": 1782738995,
        "narHash": "sha256-ApbBe6NTb8AHwrQnuA6qaKg905yMgIF/csXYLRKTGwA=",
        "owner": "vbousquet",
        "repo": "bgfx",
        "rev": "8aeab38ecde4f979a56b066a315318271443b7bd",
        "type": "github"
      },
      "original": {
        "owner": "vbousquet",
        "repo": "bgfx",
        "type": "github"
      }
    },
    "cargs": {
      "flake": false,
      "locked": {
        "lastModified": 1727084887,
        "narHash": "sha256-DpUeKFVtbpD2lqW10q91zCFmm4AQKAYSHXUp5B1YNM8=",
        "owner": "likle",
        "repo": "cargs",
        "rev": "0698c3f90333446d0fc2745c1e9ce10dd4a9497a",
        "type": "github"
      },
      "original": {
        "owner": "likle",
        "repo": "cargs",
        "type": "github"
      }
    },
    "freeimage": {
      "flake": false,
      "locked": {
        "lastModified": 1745579849,
        "narHash": "sha256-3dd5uEkcrK4mLZT58ZhZaTYzvSI4QBsSflcR4dBzz5g=",
        "owner": "toxieainc",
        "repo": "freeimage",
        "rev": "b1613452a0c3849d43ac877b154cf51ff9e078d3",
        "type": "github"
      },
      "original": {
        "owner": "toxieainc",
        "repo": "freeimage",
        "type": "github"
      }
    },
    "hidapi": {
      "flake": false,
      "locked": {
        "lastModified": 1747592713,
        "narHash": "sha256-o6IZRG42kTa7EQib9eaV1HGyjaGgeCabk+8fyQTm/0s=",
        "owner": "libusb",
        "repo": "hidapi",
        "rev": "d6b2a974608dec3b76fb1e36c189f22b9cf3650c",
        "type": "github"
      },
      "original": {
        "owner": "libusb",
        "repo": "hidapi",
        "type": "github"
      }
    },
    "libaltsound": {
      "flake": false,
      "locked": {
        "lastModified": 1781092477,
        "narHash": "sha256-Y4VxGeLi3GTPWuN0nXUtMQG/1hm2Hpkm4X9Y8HrageM=",
        "owner": "vpinball",
        "repo": "libaltsound",
        "rev": "f4b790a19ae45a9f93ae0051df6933800c7a6446",
        "type": "github"
      },
      "original": {
        "owner": "vpinball",
        "repo": "libaltsound",
        "type": "github"
      }
    },
    "libdmdutil": {
      "flake": false,
      "locked": {
        "lastModified": 1781134944,
        "narHash": "sha256-NkcC90DmExmK1sgIOZFyCBTqYrxx3GpSGdzEPXd+TiA=",
        "owner": "vpinball",
        "repo": "libdmdutil",
        "rev": "5879c321e75c2ca3c5dd9cde5d7c49f0075d1f16",
        "type": "github"
      },
      "original": {
        "owner": "vpinball",
        "repo": "libdmdutil",
        "type": "github"
      }
    },
    "libdof": {
      "flake": false,
      "locked": {
        "lastModified": 1778286528,
        "narHash": "sha256-vDeQa7BDGae0yL6eNjgy0Z92lubJDpvLgO6nV9gF91g=",
        "owner": "jsm174",
        "repo": "libdof",
        "rev": "50af22e1909132993c5106cc64a6834710212da0",
        "type": "github"
      },
      "original": {
        "owner": "jsm174",
        "repo": "libdof",
        "type": "github"
      }
    },
    "libframeutil": {
      "flake": false,
      "locked": {
        "lastModified": 1781134300,
        "narHash": "sha256-Bk8pnSCtB7R157+gLHhnE4eM8UwN0JmD4o44aTiQTNw=",
        "owner": "ppuc",
        "repo": "libframeutil",
        "rev": "28f2bae0dabcbd5c599e6f62211f009e078c1f96",
        "type": "github"
      },
      "original": {
        "owner": "ppuc",
        "repo": "libframeutil",
        "type": "github"
      }
    },
    "libftdi": {
      "flake": false,
      "locked": {
        "lastModified": 1594150375,
        "narHash": "sha256-RmD40HVsx1fyBwHkYPmG+FZBfPcOGj87lH+tCfx4N24=",
        "owner": "jsm174",
        "repo": "libftdi",
        "rev": "5c2c58e03ea999534e8cb64906c8ae8b15536c30",
        "type": "github"
      },
      "original": {
        "owner": "jsm174",
        "repo": "libftdi",
        "type": "github"
      }
    },
    "libpupdmd": {
      "flake": false,
      "locked": {
        "lastModified": 1778286394,
        "narHash": "sha256-HGRODeS/dhtjTu0b5Ufbs0qxLmTbHOxxeTv0+RiIrvM=",
        "owner": "PPUC",
        "repo": "libpupdmd",
        "rev": "4a1123220e6dce73c87cc584494df2ac82cb6f4c",
        "type": "github"
      },
      "original": {
        "owner": "ppuc",
        "repo": "libpupdmd",
        "type": "github"
      }
    },
    "libserialport": {
      "flake": false,
      "locked": {
        "lastModified": 1727214962,
        "narHash": "sha256-zxHCJTC12kkbKB3UCTblNbNZZRhTuyhC9MR5iVXqYWc=",
        "owner": "sigrokproject",
        "repo": "libserialport",
        "rev": "21b3dfe5f68c205be4086469335fd2fc2ce11ed2",
        "type": "github"
      },
      "original": {
        "owner": "sigrokproject",
        "repo": "libserialport",
        "type": "github"
      }
    },
    "libserum": {
      "flake": false,
      "locked": {
        "lastModified": 1780420363,
        "narHash": "sha256-Vf18gnz6sTHU5VM+mOY9ktR/auE5vSBap4fmTBjvN1Y=",
        "owner": "PPUC",
        "repo": "libserum",
        "rev": "21b28325c4272724e719ab2d17481d851eaf9fd8",
        "type": "github"
      },
      "original": {
        "owner": "ppuc",
        "repo": "libserum_concentrate",
        "type": "github"
      }
    },
    "libusb": {
      "flake": false,
      "locked": {
        "lastModified": 1748802794,
        "narHash": "sha256-m1w+uF8+2WCn72LvoaGUYa+R0PyXHtFFONQjdRfImYY=",
        "owner": "libusb",
        "repo": "libusb",
        "rev": "15a7ebb4d426c5ce196684347d2b7cafad862626",
        "type": "github"
      },
      "original": {
        "owner": "libusb",
        "repo": "libusb",
        "type": "github"
      }
    },
    "libvni": {
      "flake": false,
      "locked": {
        "lastModified": 1781134746,
        "narHash": "sha256-pC5tmLVuXvyOJO5hLXpcEtVbMEYt/s6MiY9o65CRu1E=",
        "owner": "PPUC",
        "repo": "libvni",
        "rev": "7258e2fa0d086e1224d6510d44a61879e6b344b1",
        "type": "github"
      },
      "original": {
        "owner": "PPUC",
        "repo": "libvni",
        "type": "github"
      }
    },
    "libwinevbs": {
      "flake": false,
      "locked": {
        "lastModified": 1781304215,
        "narHash": "sha256-3kGx35IAICIgS0D1I5UTrDxfC1lrwPaSWwBOydFCy9E=",
        "owner": "vpinball",
        "repo": "libwinevbs",
        "rev": "8ce73e202a4971ad3e08d91c694ea7ca0fe81ed6",
        "type": "github"
      },
      "original": {
        "owner": "vpinball",
        "repo": "libwinevbs",
        "type": "github"
      }
    },
    "libzedmd": {
      "flake": false,
      "locked": {
        "lastModified": 1781134621,
        "narHash": "sha256-8oU7LzMcnVBff+35nfgUogsW9pag4VOGPpAXbhoBib4=",
        "owner": "PPUC",
        "repo": "libzedmd",
        "rev": "5c44646f2af4b1419b4cdcaed3a2799ca9439221",
        "type": "github"
      },
      "original": {
        "owner": "ppuc",
        "repo": "libzedmd",
        "type": "github"
      }
    },
    "libzip": {
      "flake": false,
      "locked": {
        "lastModified": 1748008507,
        "narHash": "sha256-+ekbD3PWAGhBJGIqqa9AnWcG7hToeFPRr6kkmxJHOaY=",
        "owner": "nih-at",
        "repo": "libzip",
        "rev": "6f8a0cdd24a0dc6cce9dac4a7679da784ab124ea",
        "type": "github"
      },
      "original": {
        "owner": "nih-at",
        "repo": "libzip",
        "type": "github"
      }
    },
    "nixpkgs": {
      "locked": {
        "lastModified": 1778443072,
        "narHash": "sha256-zi7/fsqM/kFdNuED//4WOCUtezGtKKqRNORjMvfwjnA=",
        "owner": "NixOS",
        "repo": "nixpkgs",
        "rev": "da5ad661ba4e5ef59ba743f0d112cbc30e474f32",
        "type": "github"
      },
      "original": {
        "owner": "NixOS",
        "ref": "nixos-unstable",
        "repo": "nixpkgs",
        "type": "github"
      }
    },
    "pinmame": {
      "flake": false,
      "locked": {
        "lastModified": 1782751998,
        "narHash": "sha256-tG2vJ0sBPwd5NXLSS7pDq/1XZK0/uPkFTasWgDr7JhM=",
        "owner": "vbousquet",
        "repo": "pinmame",
        "rev": "1f2cad4716f25d61887869caf1d28a71389911a9",
        "type": "github"
      },
      "original": {
        "owner": "vbousquet",
        "repo": "pinmame",
        "type": "github"
      }
    },
    "root": {
      "inputs": {
        "bgfx-cmake": "bgfx-cmake",
        "bgfx-patch": "bgfx-patch",
        "cargs": "cargs",
        "freeimage": "freeimage",
        "hidapi": "hidapi",
        "libaltsound": "libaltsound",
        "libdmdutil": "libdmdutil",
        "libdof": "libdof",
        "libframeutil": "libframeutil",
        "libftdi": "libftdi",
        "libpupdmd": "libpupdmd",
        "libserialport": "libserialport",
        "libserum": "libserum",
        "libusb": "libusb",
        "libvni": "libvni",
        "libwinevbs": "libwinevbs",
        "libzedmd": "libzedmd",
        "libzip": "libzip",
        "nixpkgs": "nixpkgs",
        "pinmame": "pinmame",
        "sdl3": "sdl3",
        "sdl3-image": "sdl3-image",
        "sdl3-ttf": "sdl3-ttf",
        "sockpp": "sockpp",
        "vpinball": "vpinball",
        "vpinfe": "vpinfe",
        "vpx-editor": "vpx-editor",
        "vpxtool": "vpxtool"
      }
    },
    "sdl3": {
      "flake": false,
      "locked": {
        "lastModified": 1780249121,
        "narHash": "sha256-6Dph2eLiJUmpQzPWe8EuY5LrWhrFwde2f2dwfgCcWNw=",
        "owner": "libsdl-org",
        "repo": "SDL",
        "rev": "8e37db5e797b6167f3a00d697d816a684bd259c7",
        "type": "github"
      },
      "original": {
        "owner": "libsdl-org",
        "repo": "SDL",
        "type": "github"
      }
    },
    "sdl3-image": {
      "flake": false,
      "locked": {
        "allRefs": true,
        "lastModified": 1775333110,
        "narHash": "sha256-4VXaY62hLz+egOyKJMltfX9jDel53+x1DKLFOBINK9Q=",
        "rev": "96a73a551a857b7c8d0ca3cc553a266eabbab6a7",
        "revCount": 1996,
        "submodules": true,
        "type": "git",
        "url": "https://github.com/libsdl-org/SDL_image"
      },
      "original": {
        "submodules": true,
        "type": "git",
        "url": "https://github.com/libsdl-org/SDL_image"
      }
    },
    "sdl3-ttf": {
      "flake": false,
      "locked": {
        "allRefs": true,
        "lastModified": 1743443850,
        "narHash": "sha256-1Gc71BRs6WcPpS2iNXPoCVaPP8dxH/fQ6tyeeqZC09k=",
        "rev": "a1ce3670aec736ecbf0936c43f2f0cc53aa61e5b",
        "revCount": 1210,
        "submodules": true,
        "type": "git",
        "url": "https://github.com/libsdl-org/SDL_ttf"
      },
      "original": {
        "submodules": true,
        "type": "git",
        "url": "https://github.com/libsdl-org/SDL_ttf"
      }
    },
    "sockpp": {
      "flake": false,
      "locked": {
        "lastModified": 1702844770,
        "narHash": "sha256-eIgYam/iQXjT3/Fu6ptNGSUVutLMG5Z1tmLsKLFOD/Q=",
        "owner": "fpagliughi",
        "repo": "sockpp",
        "rev": "e6c4688a576d95f42dd7628cefe68092f6c5cd0f",
        "type": "github"
      },
      "original": {
        "owner": "fpagliughi",
        "repo": "sockpp",
        "type": "github"
      }
    },
    "vpinball": {
      "flake": false,
      "locked": {
        "lastModified": 1782752239,
        "narHash": "sha256-HfqreGx3iuozryDk+lkq/9s7j/y4/jlatKf4iPewyzs=",
        "owner": "vpinball",
        "repo": "vpinball",
        "rev": "a569fde9a814b35a6f756eb04e306c61ca9e52ed",
        "type": "github"
      },
      "original": {
        "owner": "vpinball",
        "repo": "vpinball",
        "type": "github"
      }
    },
    "vpinfe": {
      "flake": false,
      "locked": {
        "lastModified": 1778590693,
        "narHash": "sha256-annTJVoPh4o77N2M+u246UIJ+55or0WB+TatMgqnffo=",
        "owner": "superhac",
        "repo": "vpinfe",
        "rev": "6ea7cce0568806739c589cb267735629b58ea7e2",
        "type": "github"
      },
      "original": {
        "owner": "superhac",
        "repo": "vpinfe",
        "type": "github"
      }
    },
    "vpx-editor": {
      "flake": false,
      "locked": {
        "lastModified": 1778684286,
        "narHash": "sha256-+ZYH9DFKMzva8TenOot8HsQ/ItqMQliSqlANoV6lfxI=",
        "owner": "jsm174",
        "repo": "vpx-editor",
        "rev": "5f505696557e326656e46c0da00fd93d084072fe",
        "type": "github"
      },
      "original": {
        "owner": "jsm174",
        "repo": "vpx-editor",
        "type": "github"
      }
    },
    "vpxtool": {
      "flake": false,
      "locked": {
        "lastModified": 1772446254,
        "narHash": "sha256-z5RUA67Z8dTDyQJz3zTKHTtuUvPf2TzK8IcPBSypkhk=",
        "owner": "francisdb",
        "repo": "vpxtool",
        "rev": "47909eabaf75f466704eccdfb2e3f1d4a691fbd7",
        "type": "github"
      },
      "original": {
        "owner": "francisdb",
        "ref": "v0.26.0",
        "repo": "vpxtool",
        "type": "github"
      }
    }
  },
  "root": "root",
  "version": 7
}
