{
  "nodes": {
    "bgfx-cmake": {
      "flake": false,
      "locked": {
        "lastModified": 1790855783,
        "narHash": "sha256-rVaT5rVpTZmyiMntX+i50kmtyBNWjPasxdngRoUDWfg=",
        "type": "tarball",
        "url": "https://github.com/bkaradzic/bgfx.cmake/releases/download/v1.162.9524-580/bgfx.cmake.v1.162.9524-580.tar.gz"
      },
      "original": {
        "type": "tarball",
        "url": "https://github.com/bkaradzic/bgfx.cmake/releases/download/v1.136.9135-511/bgfx.cmake.v1.136.9135-511.tar.gz"
      }
    },
    "bgfx-patch": {
      "flake": false,
      "locked": {
        "lastModified": 1790886058,
        "narHash": "sha256-iy9Ej3Jd5BlPQBF2fIqrcMrdqlU6r/JTrqX6ynJn3Do=",
        "owner": "vbousquet",
        "repo": "bgfx",
        "rev": "b0015b4518809e404a5d56e520bfe38d46dad728",
        "type": "github"
      },
      "original": {
        "owner": "vbousquet",
        "repo": "bgfx",
        "type": "github"
      }
    },
    "cargs": {
      "flake": false,
      "locked": {
        "lastModified": 1727084887,
        "narHash": "sha256-DpUeKFVtbpD2lqW10q91zCFmm4AQKAYSHXUp5B1YNM8=",
        "owner": "likle",
        "repo": "cargs",
        "rev": "0698c3f90333446d0fc2745c1e9ce10dd4a9497a",
        "type": "github"
      },
      "original": {
        "owner": "likle",
        "repo": "cargs",
        "type": "github"
      }
    },
    "freeimage": {
      "flake": false,
      "locked": {
        "lastModified": 1745579849,
        "narHash": "sha256-3dd5uEkcrK4mLZT58ZhZaTYzvSI4QBsSflcR4dBzz5g=",
        "owner": "toxieainc",
        "repo": "freeimage",
        "rev": "b1613452a0c3849d43ac877b154cf51ff9e078d3",
        "type": "github"
      },
      "original": {
        "owner": "toxieainc",
        "repo": "freeimage",
        "type": "github"
      }
    },
    "hidapi": {
      "flake": false,
      "locked": {
        "lastModified": 1747592713,
        "narHash": "sha256-o6IZRG42kTa7EQib9eaV1HGyjaGgeCabk+8fyQTm/0s=",
        "owner": "libusb",
        "repo": "hidapi",
        "rev": "d6b2a974608dec3b76fb1e36c189f22b9cf3650c",
        "type": "github"
      },
      "original": {
        "owner": "libusb",
        "repo": "hidapi",
        "type": "github"
      }
    },
    "libaltsound": {
      "flake": false,
      "locked": {
        "lastModified": 1781092477,
        "narHash": "sha256-Y4VxGeLi3GTPWuN0nXUtMQG/1hm2Hpkm4X9Y8HrageM=",
        "owner": "vpinball",
        "repo": "libaltsound",
        "rev": "f4b790a19ae45a9f93ae0051df6933800c7a6446",
        "type": "github"
      },
      "original": {
        "owner": "vpinball",
        "repo": "libaltsound",
        "type": "github"
      }
    },
    "libdmdutil": {
      "flake": false,
      "locked": {
        "lastModified": 1790037339,
        "narHash": "sha256-k45JxwWJYpVclYw6C7WCbBQE4Y1XCkd0sCSu+nxx5Qo=",
        "owner": "vpinball",
        "repo": "libdmdutil",
        "rev": "ab3d85a68b64254eec433eca788db8d86ac450cc",
        "type": "github"
      },
      "original": {
        "owner": "vpinball",
        "repo": "libdmdutil",
        "type": "github"
      }
    },
    "libdof": {
      "flake": false,
      "locked": {
        "lastModified": 1790821060,
        "narHash": "sha256-8BciO+a8ZAoIUEK4eoHiug6Zh+PRFdh92Sn/0BR8zh4=",
        "owner": "jsm174",
        "repo": "libdof",
        "rev": "0b9ec6d8a8a58c3e72f78dfb01fa210e1c0dd64a",
        "type": "github"
      },
      "original": {
        "owner": "jsm174",
        "repo": "libdof",
        "type": "github"
      }
    },
    "libframeutil": {
      "flake": false,
      "locked": {
        "lastModified": 1789034164,
        "narHash": "sha256-SEfoFFEImthhp03d2DoZApJIWI4adcPZAYfa47xrwpE=",
        "owner": "ppuc",
        "repo": "libframeutil",
        "rev": "711ab21dcf9ad33d8db8339dfd3b1548bcc34cdb",
        "type": "github"
      },
      "original": {
        "owner": "ppuc",
        "repo": "libframeutil",
        "type": "github"
      }
    },
    "libftdi": {
      "flake": false,
      "locked": {
        "lastModified": 1594150375,
        "narHash": "sha256-RmD40HVsx1fyBwHkYPmG+FZBfPcOGj87lH+tCfx4N24=",
        "owner": "jsm174",
        "repo": "libftdi",
        "rev": "5c2c58e03ea999534e8cb64906c8ae8b15536c30",
        "type": "github"
      },
      "original": {
        "owner": "jsm174",
        "repo": "libftdi",
        "type": "github"
      }
    },
    "libpupdmd": {
      "flake": false,
      "locked": {
        "lastModified": 1788981268,
        "narHash": "sha256-IBLpRTtKhpfG0C/po1ODWgbfWHFs78SYjaS5SlaaBlU=",
        "owner": "PPUC",
        "repo": "libpupdmd",
        "rev": "64f98eab4713d6c20e11dc552a3147e6de90635d",
        "type": "github"
      },
      "original": {
        "owner": "ppuc",
        "repo": "libpupdmd",
        "type": "github"
      }
    },
    "libserialport": {
      "flake": false,
      "locked": {
        "lastModified": 1727214962,
        "narHash": "sha256-zxHCJTC12kkbKB3UCTblNbNZZRhTuyhC9MR5iVXqYWc=",
        "owner": "sigrokproject",
        "repo": "libserialport",
        "rev": "21b3dfe5f68c205be4086469335fd2fc2ce11ed2",
        "type": "github"
      },
      "original": {
        "owner": "sigrokproject",
        "repo": "libserialport",
        "type": "github"
      }
    },
    "libserum": {
      "flake": false,
      "locked": {
        "lastModified": 1789545311,
        "narHash": "sha256-wykxm2LKvKDfyTiNQAVK2e++BU4vAEB+6wsEhtlt+Hg=",
        "owner": "PPUC",
        "repo": "libserum",
        "rev": "d230dcba1f81c19e3f8c46fcdf2678a5de35473f",
        "type": "github"
      },
      "original": {
        "owner": "ppuc",
        "repo": "libserum_concentrate",
        "type": "github"
      }
    },
    "libusb": {
      "flake": false,
      "locked": {
        "lastModified": 1779028641,
        "narHash": "sha256-qgs8h1vSqJg2muBDWN5nJlvaMjGYZnwMg1m07rqzHco=",
        "owner": "libusb",
        "repo": "libusb",
        "rev": "87a55632db62c9bdc58cd31d3ccfa673f1bb017f",
        "type": "github"
      },
      "original": {
        "owner": "libusb",
        "repo": "libusb",
        "type": "github"
      }
    },
    "libvni": {
      "flake": false,
      "locked": {
        "lastModified": 1785786832,
        "narHash": "sha256-znh0CBzDMnRV67hOlGqIzKorUNGByoovrc8QxiAZPzg=",
        "owner": "PPUC",
        "repo": "libvni",
        "rev": "eb910403834184e1d098bcc310054ac17a00b53d",
        "type": "github"
      },
      "original": {
        "owner": "PPUC",
        "repo": "libvni",
        "type": "github"
      }
    },
    "libwinevbs": {
      "flake": false,
      "locked": {
        "lastModified": 1790471728,
        "narHash": "sha256-WQGe8zRr/Y0ziUfFIaFI0WbbVHkwsHdMWcs9QqhkPLY=",
        "owner": "vpinball",
        "repo": "libwinevbs",
        "rev": "4861c3c6ea04a113e5370a0eb0f52f7c500ce572",
        "type": "github"
      },
      "original": {
        "owner": "vpinball",
        "repo": "libwinevbs",
        "type": "github"
      }
    },
    "libzedmd": {
      "flake": false,
      "locked": {
        "lastModified": 1789035104,
        "narHash": "sha256-WdIFNKDDsViAEdpQFET1suQYhMKgTMYCIn/Xc4UAzT0=",
        "owner": "PPUC",
        "repo": "libzedmd",
        "rev": "0b0f561b4bf2996de625c3ce5f94a2592b8455f6",
        "type": "github"
      },
      "original": {
        "owner": "ppuc",
        "repo": "libzedmd",
        "type": "github"
      }
    },
    "libzip": {
      "flake": false,
      "locked": {
        "lastModified": 1748008507,
        "narHash": "sha256-+ekbD3PWAGhBJGIqqa9AnWcG7hToeFPRr6kkmxJHOaY=",
        "owner": "nih-at",
        "repo": "libzip",
        "rev": "6f8a0cdd24a0dc6cce9dac4a7679da784ab124ea",
        "type": "github"
      },
      "original": {
        "owner": "nih-at",
        "repo": "libzip",
        "type": "github"
      }
    },
    "nixpkgs": {
      "locked": {
        "lastModified": 1778443072,
        "narHash": "sha256-zi7/fsqM/kFdNuED//4WOCUtezGtKKqRNORjMvfwjnA=",
        "owner": "NixOS",
        "repo": "nixpkgs",
        "rev": "da5ad661ba4e5ef59ba743f0d112cbc30e474f32",
        "type": "github"
      },
      "original": {
        "owner": "NixOS",
        "ref": "nixos-unstable",
        "repo": "nixpkgs",
        "type": "github"
      }
    },
    "pinmame": {
      "flake": false,
      "locked": {
        "lastModified": 1790246070,
        "narHash": "sha256-gh4n7bI3Tu7sptt7Y2lVBz+QzAWE4pOFyYgP+WQsLgQ=",
        "owner": "vbousquet",
        "repo": "pinmame",
        "rev": "268854a18be9ad334569b5654345c06a7d0ef521",
        "type": "github"
      },
      "original": {
        "owner": "vbousquet",
        "repo": "pinmame",
        "type": "github"
      }
    },
    "root": {
      "inputs": {
        "bgfx-cmake": "bgfx-cmake",
        "bgfx-patch": "bgfx-patch",
        "cargs": "cargs",
        "freeimage": "freeimage",
        "hidapi": "hidapi",
        "libaltsound": "libaltsound",
        "libdmdutil": "libdmdutil",
        "libdof": "libdof",
        "libframeutil": "libframeutil",
        "libftdi": "libftdi",
        "libpupdmd": "libpupdmd",
        "libserialport": "libserialport",
        "libserum": "libserum",
        "libusb": "libusb",
        "libvni": "libvni",
        "libwinevbs": "libwinevbs",
        "libzedmd": "libzedmd",
        "libzip": "libzip",
        "nixpkgs": "nixpkgs",
        "pinmame": "pinmame",
        "sdl3": "sdl3",
        "sdl3-image": "sdl3-image",
        "sdl3-ttf": "sdl3-ttf",
        "sockpp": "sockpp",
        "vpinball": "vpinball",
        "vpinfe": "vpinfe",
        "vpx-editor": "vpx-editor",
        "vpxtool": "vpxtool"
      }
    },
    "sdl3": {
      "flake": false,
      "locked": {
        "lastModified": 1788364830,
        "narHash": "sha256-zSwjDbPkYYjm0yA05bq/0Dq+RU154J/gYOw8a2YmerA=",
        "owner": "libsdl-org",
        "repo": "SDL",
        "rev": "fa2c02bb6e21974a89ea9824bc53c9932abe5f9c",
        "type": "github"
      },
      "original": {
        "owner": "libsdl-org",
        "repo": "SDL",
        "type": "github"
      }
    },
    "sdl3-image": {
      "flake": false,
      "locked": {
        "allRefs": true,
        "lastModified": 1788307931,
        "narHash": "sha256-Cfm02Imayih/xbOieEpzhUHO3Oe2wKVfiKcxwy0uAsA=",
        "rev": "f661fa1ad24ab1b81e43662532f9a6a9fcf67ea6",
        "revCount": 2057,
        "submodules": true,
        "type": "git",
        "url": "https://github.com/libsdl-org/SDL_image"
      },
      "original": {
        "submodules": true,
        "type": "git",
        "url": "https://github.com/libsdl-org/SDL_image"
      }
    },
    "sdl3-ttf": {
      "flake": false,
      "locked": {
        "allRefs": true,
        "lastModified": 1743443850,
        "narHash": "sha256-1Gc71BRs6WcPpS2iNXPoCVaPP8dxH/fQ6tyeeqZC09k=",
        "rev": "a1ce3670aec736ecbf0936c43f2f0cc53aa61e5b",
        "revCount": 1210,
        "submodules": true,
        "type": "git",
        "url": "https://github.com/libsdl-org/SDL_ttf"
      },
      "original": {
        "submodules": true,
        "type": "git",
        "url": "https://github.com/libsdl-org/SDL_ttf"
      }
    },
    "sockpp": {
      "flake": false,
      "locked": {
        "lastModified": 1702844770,
        "narHash": "sha256-eIgYam/iQXjT3/Fu6ptNGSUVutLMG5Z1tmLsKLFOD/Q=",
        "owner": "fpagliughi",
        "repo": "sockpp",
        "rev": "e6c4688a576d95f42dd7628cefe68092f6c5cd0f",
        "type": "github"
      },
      "original": {
        "owner": "fpagliughi",
        "repo": "sockpp",
        "type": "github"
      }
    },
    "vpinball": {
      "flake": false,
      "locked": {
        "lastModified": 1790886946,
        "narHash": "sha256-RTIZ+374unjBjMbyi/pMr5Q48JDHbvq/SgBzoIb/JZU=",
        "owner": "vpinball",
        "repo": "vpinball",
        "rev": "ecfc7a9a3650ea228a6a9902ce8d7b2ced10cd1b",
        "type": "github"
      },
      "original": {
        "owner": "vpinball",
        "repo": "vpinball",
        "type": "github"
      }
    },
    "vpinfe": {
      "flake": false,
      "locked": {
        "lastModified": 1778590693,
        "narHash": "sha256-annTJVoPh4o77N2M+u246UIJ+55or0WB+TatMgqnffo=",
        "owner": "superhac",
        "repo": "vpinfe",
        "rev": "6ea7cce0568806739c589cb267735629b58ea7e2",
        "type": "github"
      },
      "original": {
        "owner": "superhac",
        "repo": "vpinfe",
        "type": "github"
      }
    },
    "vpx-editor": {
      "flake": false,
      "locked": {
        "lastModified": 1778684286,
        "narHash": "sha256-+ZYH9DFKMzva8TenOot8HsQ/ItqMQliSqlANoV6lfxI=",
        "owner": "jsm174",
        "repo": "vpx-editor",
        "rev": "5f505696557e326656e46c0da00fd93d084072fe",
        "type": "github"
      },
      "original": {
        "owner": "jsm174",
        "repo": "vpx-editor",
        "type": "github"
      }
    },
    "vpxtool": {
      "flake": false,
      "locked": {
        "lastModified": 1772446254,
        "narHash": "sha256-z5RUA67Z8dTDyQJz3zTKHTtuUvPf2TzK8IcPBSypkhk=",
        "owner": "francisdb",
        "repo": "vpxtool",
        "rev": "47909eabaf75f466704eccdfb2e3f1d4a691fbd7",
        "type": "github"
      },
      "original": {
        "owner": "francisdb",
        "ref": "v0.26.0",
        "repo": "vpxtool",
        "type": "github"
      }
    }
  },
  "root": "root",
  "version": 7
}
